Microsoft Visual Studio Solution File, Format Version 12.00
# Visual Studio Version 18
VisualStudioVersion = 18.1.11312.151
MinimumVisualStudioVersion = 10.0.40219.1
Project("{FAE04EC0-301F-11D3-BF4B-00C04F79EFBC}") = "CodeGenerator.Core", "CodeGenerator.Core\CodeGenerator.Core.csproj", "{A1B2C3D4-E5F6-4A5B-8C9D-0E1F2A3B4C5D}"
EndProject
Project("{FAE04EC0-301F-11D3-BF4B-00C04F79EFBC}") = "CodeGenerator.Templates", "CodeGenerator.Templates\CodeGenerator.Templates.csproj", "{B2C3D4E5-F6A7-5B6C-9D0E-1F2A3B4C5D6E}"
EndProject
Project("{FAE04EC0-301F-11D3-BF4B-00C04F79EFBC}") = "CodeGenerator.Generators", "CodeGenerator.Generators\CodeGenerator.Generators.csproj", "{C3D4E5F6-A7B8-6C7D-0E1F-2A3B4C5D6E7F}"
EndProject
Project("{FAE04EC0-301F-11D3-BF4B-00C04F79EFBC}") = "CodeGenerator.WinForms", "CodeGenerator.WinForms\CodeGenerator.WinForms.csproj", "{D4E5F6A7-B8C9-7D8E-1F2A-3B4C5D6E7F8A}"
EndProject
Project("{FAE04EC0-301F-11D3-BF4B-00C04F79EFBC}") = "CodeGenerator.CLI", "CodeGenerator.CLI\CodeGenerator.CLI.csproj", "{E5F6A7B8-C9D0-8E9F-2A3B-4C5D6E7F8A9B}"
EndProject
Project("{2150E333-8FDC-42A3-9474-1A3956D46DE8}") = "CSharp", "CSharp", "{59510905-8349-43B5-8695-853FB5380436}"
	ProjectSection(SolutionItems) = preProject
		Templates\CSharp\Controller.scriban = Templates\CSharp\Controller.scriban
		Templates\CSharp\DbContext.scriban = Templates\CSharp\DbContext.scriban
		Templates\CSharp\Entity.scriban = Templates\CSharp\Entity.scriban
		Templates\CSharp\IRepository.scriban = Templates\CSharp\IRepository.scriban
		Templates\CSharp\Repository.scriban = Templates\CSharp\Repository.scriban
		Templates\CSharp\ViewModel.scriban = Templates\CSharp\ViewModel.scriban
	EndProjectSection
EndProject
Project("{2150E333-8FDC-42A3-9474-1A3956D46DE8}") = "WinForms", "WinForms", "{84A86A53-628C-4E18-A322-6B192F47585B}"
	ProjectSection(SolutionItems) = preProject
		Templates\CSharp\WinForms\View.Designer.scriban = Templates\CSharp\WinForms\View.Designer.scriban
		Templates\CSharp\WinForms\View.scriban = Templates\CSharp\WinForms\View.scriban
	EndProjectSection
EndProject
Project("{2150E333-8FDC-42A3-9474-1A3956D46DE8}") = "Templates", "Templates", "{4F3F356B-7C5C-41D5-83E3-7C53E22D6A43}"
EndProject
Project("{FAE04EC0-301F-11D3-BF4B-00C04F79EFBC}") = "ProjectXYZ.Shared", "Templates\CSharp\ProjectXYZ.Shared\ProjectXYZ.Shared.csproj", "{F6BC2510-EECF-EAFD-AFFD-E1F5C7D715D8}"
EndProject
Project("{FAE04EC0-301F-11D3-BF4B-00C04F79EFBC}") = "ProjectXYZ.UserControls", "Templates\CSharp\WinForms\ProjectXYZ.UserControls\ProjectXYZ.UserControls.csproj", "{B45A9506-A877-33F0-9A9C-494A75A4559F}"
EndProject
Project("{FAE04EC0-301F-11D3-BF4B-00C04F79EFBC}") = "CodeGenerator.UserControls", "CodeGenerator.UserControls\CodeGenerator.UserControls.csproj", "{25D616D8-1E66-D990-7EA0-7ED27F4E27BE}"
EndProject
Project("{FAE04EC0-301F-11D3-BF4B-00C04F79EFBC}") = "CodeGenerator.Shared", "CodeGenerator.Shared\CodeGenerator.Shared.csproj", "{1675BEAC-CE74-AE06-CB98-37DFC37E6A3E}"
EndProject
Project("{2150E333-8FDC-42A3-9474-1A3956D46DE8}") = "Solution Items", "Solution Items", "{C07A3E83-0321-4673-AA42-47F3D68755B5}"
	ProjectSection(SolutionItems) = preProject
		..\README.md = ..\README.md
	EndProjectSection
EndProject
Project("{FAE04EC0-301F-11D3-BF4B-00C04F79EFBC}") = "CodeGenerator.Domain", "CodeGenerator.Domain\CodeGenerator.Domain.csproj", "{F1EB0A8F-3BA5-47B9-92FD-75DE4D624A35}"
EndProject
Project("{FAE04EC0-301F-11D3-BF4B-00C04F79EFBC}") = "CodeGenerator.Domain.Tests", "CodeGenerator.Domain.Tests\CodeGenerator.Domain.Tests.csproj", "{46BDF286-49C4-4806-8715-2E5AECF2FEF6}"
EndProject
Project("{FAE04EC0-301F-11D3-BF4B-00C04F79EFBC}") = "CodeGenerator.Core.MessageBus", "CodeGenerator.Core.MessageBus\CodeGenerator.Core.MessageBus.csproj", "{2D6DCD43-B235-4702-B958-759E7FD4A4E6}"
EndProject
Project("{FAE04EC0-301F-11D3-BF4B-00C04F79EFBC}") = "CodeGenerator.Core.Artifacts", "CodeGenerator.Core.Artifacts\CodeGenerator.Core.Artifacts.csproj", "{1983C6E5-9CE1-4C22-AB93-57698101EA00}"
EndProject
Project("{FAE04EC0-301F-11D3-BF4B-00C04F79EFBC}") = "CodeGenerator.Core.Generators", "CodeGenerator.Core.Generators\CodeGenerator.Core.Generators.csproj", "{8B2D0D2C-0F50-46AA-ACB2-C42EBDE8A793}"
EndProject
Project("{FAE04EC0-301F-11D3-BF4B-00C04F79EFBC}") = "CodeGenerator.Core.Templates", "CodeGenerator.Core.Templates\CodeGenerator.Core.Templates.csproj", "{69C87E27-34F2-4F0F-BC4B-7AD0CAD7AC62}"
EndProject
Project("{FAE04EC0-301F-11D3-BF4B-00C04F79EFBC}") = "CodeGenerator.Core.DomainSchema", "CodeGenerator.Core.DomainSchema\CodeGenerator.Core.DomainSchema.csproj", "{832FE4D8-B076-46A2-AE90-E1614172C36D}"
EndProject
Global
	GlobalSection(SolutionConfigurationPlatforms) = preSolution
		Debug|Any CPU = Debug|Any CPU
		Release|Any CPU = Release|Any CPU
	EndGlobalSection
	GlobalSection(ProjectConfigurationPlatforms) = postSolution
		{A1B2C3D4-E5F6-4A5B-8C9D-0E1F2A3B4C5D}.Debug|Any CPU.ActiveCfg = Debug|Any CPU
		{A1B2C3D4-E5F6-4A5B-8C9D-0E1F2A3B4C5D}.Debug|Any CPU.Build.0 = Debug|Any CPU
		{A1B2C3D4-E5F6-4A5B-8C9D-0E1F2A3B4C5D}.Release|Any CPU.ActiveCfg = Release|Any CPU
		{A1B2C3D4-E5F6-4A5B-8C9D-0E1F2A3B4C5D}.Release|Any CPU.Build.0 = Release|Any CPU
		{B2C3D4E5-F6A7-5B6C-9D0E-1F2A3B4C5D6E}.Debug|Any CPU.ActiveCfg = Debug|Any CPU
		{B2C3D4E5-F6A7-5B6C-9D0E-1F2A3B4C5D6E}.Debug|Any CPU.Build.0 = Debug|Any CPU
		{B2C3D4E5-F6A7-5B6C-9D0E-1F2A3B4C5D6E}.Release|Any CPU.ActiveCfg = Release|Any CPU
		{B2C3D4E5-F6A7-5B6C-9D0E-1F2A3B4C5D6E}.Release|Any CPU.Build.0 = Release|Any CPU
		{C3D4E5F6-A7B8-6C7D-0E1F-2A3B4C5D6E7F}.Debug|Any CPU.ActiveCfg = Debug|Any CPU
		{C3D4E5F6-A7B8-6C7D-0E1F-2A3B4C5D6E7F}.Debug|Any CPU.Build.0 = Debug|Any CPU
		{C3D4E5F6-A7B8-6C7D-0E1F-2A3B4C5D6E7F}.Release|Any CPU.ActiveCfg = Release|Any CPU
		{C3D4E5F6-A7B8-6C7D-0E1F-2A3B4C5D6E7F}.Release|Any CPU.Build.0 = Release|Any CPU
		{D4E5F6A7-B8C9-7D8E-1F2A-3B4C5D6E7F8A}.Debug|Any CPU.ActiveCfg = Debug|Any CPU
		{D4E5F6A7-B8C9-7D8E-1F2A-3B4C5D6E7F8A}.Debug|Any CPU.Build.0 = Debug|Any CPU
		{D4E5F6A7-B8C9-7D8E-1F2A-3B4C5D6E7F8A}.Release|Any CPU.ActiveCfg = Release|Any CPU
		{D4E5F6A7-B8C9-7D8E-1F2A-3B4C5D6E7F8A}.Release|Any CPU.Build.0 = Release|Any CPU
		{E5F6A7B8-C9D0-8E9F-2A3B-4C5D6E7F8A9B}.Debug|Any CPU.ActiveCfg = Debug|Any CPU
		{E5F6A7B8-C9D0-8E9F-2A3B-4C5D6E7F8A9B}.Debug|Any CPU.Build.0 = Debug|Any CPU
		{E5F6A7B8-C9D0-8E9F-2A3B-4C5D6E7F8A9B}.Release|Any CPU.ActiveCfg = Release|Any CPU
		{E5F6A7B8-C9D0-8E9F-2A3B-4C5D6E7F8A9B}.Release|Any CPU.Build.0 = Release|Any CPU
		{F6BC2510-EECF-EAFD-AFFD-E1F5C7D715D8}.Debug|Any CPU.ActiveCfg = Debug|Any CPU
		{F6BC2510-EECF-EAFD-AFFD-E1F5C7D715D8}.Debug|Any CPU.Build.0 = Debug|Any CPU
		{F6BC2510-EECF-EAFD-AFFD-E1F5C7D715D8}.Release|Any CPU.ActiveCfg = Release|Any CPU
		{F6BC2510-EECF-EAFD-AFFD-E1F5C7D715D8}.Release|Any CPU.Build.0 = Release|Any CPU
		{B45A9506-A877-33F0-9A9C-494A75A4559F}.Debug|Any CPU.ActiveCfg = Debug|Any CPU
		{B45A9506-A877-33F0-9A9C-494A75A4559F}.Debug|Any CPU.Build.0 = Debug|Any CPU
		{B45A9506-A877-33F0-9A9C-494A75A4559F}.Release|Any CPU.ActiveCfg = Release|Any CPU
		{B45A9506-A877-33F0-9A9C-494A75A4559F}.Release|Any CPU.Build.0 = Release|Any CPU
		{25D616D8-1E66-D990-7EA0-7ED27F4E27BE}.Debug|Any CPU.ActiveCfg = Debug|Any CPU
		{25D616D8-1E66-D990-7EA0-7ED27F4E27BE}.Debug|Any CPU.Build.0 = Debug|Any CPU
		{25D616D8-1E66-D990-7EA0-7ED27F4E27BE}.Release|Any CPU.ActiveCfg = Release|Any CPU
		{25D616D8-1E66-D990-7EA0-7ED27F4E27BE}.Release|Any CPU.Build.0 = Release|Any CPU
		{1675BEAC-CE74-AE06-CB98-37DFC37E6A3E}.Debug|Any CPU.ActiveCfg = Debug|Any CPU
		{1675BEAC-CE74-AE06-CB98-37DFC37E6A3E}.Debug|Any CPU.Build.0 = Debug|Any CPU
		{1675BEAC-CE74-AE06-CB98-37DFC37E6A3E}.Release|Any CPU.ActiveCfg = Release|Any CPU
		{1675BEAC-CE74-AE06-CB98-37DFC37E6A3E}.Release|Any CPU.Build.0 = Release|Any CPU
		{F1EB0A8F-3BA5-47B9-92FD-75DE4D624A35}.Debug|Any CPU.ActiveCfg = Debug|Any CPU
		{F1EB0A8F-3BA5-47B9-92FD-75DE4D624A35}.Debug|Any CPU.Build.0 = Debug|Any CPU
		{F1EB0A8F-3BA5-47B9-92FD-75DE4D624A35}.Release|Any CPU.ActiveCfg = Release|Any CPU
		{F1EB0A8F-3BA5-47B9-92FD-75DE4D624A35}.Release|Any CPU.Build.0 = Release|Any CPU
		{46BDF286-49C4-4806-8715-2E5AECF2FEF6}.Debug|Any CPU.ActiveCfg = Debug|Any CPU
		{46BDF286-49C4-4806-8715-2E5AECF2FEF6}.Debug|Any CPU.Build.0 = Debug|Any CPU
		{46BDF286-49C4-4806-8715-2E5AECF2FEF6}.Release|Any CPU.ActiveCfg = Release|Any CPU
		{46BDF286-49C4-4806-8715-2E5AECF2FEF6}.Release|Any CPU.Build.0 = Release|Any CPU
		{2D6DCD43-B235-4702-B958-759E7FD4A4E6}.Debug|Any CPU.ActiveCfg = Debug|Any CPU
		{2D6DCD43-B235-4702-B958-759E7FD4A4E6}.Debug|Any CPU.Build.0 = Debug|Any CPU
		{2D6DCD43-B235-4702-B958-759E7FD4A4E6}.Release|Any CPU.ActiveCfg = Release|Any CPU
		{2D6DCD43-B235-4702-B958-759E7FD4A4E6}.Release|Any CPU.Build.0 = Release|Any CPU
		{1983C6E5-9CE1-4C22-AB93-57698101EA00}.Debug|Any CPU.ActiveCfg = Debug|Any CPU
		{1983C6E5-9CE1-4C22-AB93-57698101EA00}.Debug|Any CPU.Build.0 = Debug|Any CPU
		{1983C6E5-9CE1-4C22-AB93-57698101EA00}.Release|Any CPU.ActiveCfg = Release|Any CPU
		{1983C6E5-9CE1-4C22-AB93-57698101EA00}.Release|Any CPU.Build.0 = Release|Any CPU
		{8B2D0D2C-0F50-46AA-ACB2-C42EBDE8A793}.Debug|Any CPU.ActiveCfg = Debug|Any CPU
		{8B2D0D2C-0F50-46AA-ACB2-C42EBDE8A793}.Debug|Any CPU.Build.0 = Debug|Any CPU
		{8B2D0D2C-0F50-46AA-ACB2-C42EBDE8A793}.Release|Any CPU.ActiveCfg = Release|Any CPU
		{8B2D0D2C-0F50-46AA-ACB2-C42EBDE8A793}.Release|Any CPU.Build.0 = Release|Any CPU
		{69C87E27-34F2-4F0F-BC4B-7AD0CAD7AC62}.Debug|Any CPU.ActiveCfg = Debug|Any CPU
		{69C87E27-34F2-4F0F-BC4B-7AD0CAD7AC62}.Debug|Any CPU.Build.0 = Debug|Any CPU
		{69C87E27-34F2-4F0F-BC4B-7AD0CAD7AC62}.Release|Any CPU.ActiveCfg = Release|Any CPU
		{69C87E27-34F2-4F0F-BC4B-7AD0CAD7AC62}.Release|Any CPU.Build.0 = Release|Any CPU
		{832FE4D8-B076-46A2-AE90-E1614172C36D}.Debug|Any CPU.ActiveCfg = Debug|Any CPU
		{832FE4D8-B076-46A2-AE90-E1614172C36D}.Debug|Any CPU.Build.0 = Debug|Any CPU
		{832FE4D8-B076-46A2-AE90-E1614172C36D}.Release|Any CPU.ActiveCfg = Release|Any CPU
		{832FE4D8-B076-46A2-AE90-E1614172C36D}.Release|Any CPU.Build.0 = Release|Any CPU
	EndGlobalSection
	GlobalSection(SolutionProperties) = preSolution
		HideSolutionNode = FALSE
	EndGlobalSection
	GlobalSection(NestedProjects) = preSolution
		{59510905-8349-43B5-8695-853FB5380436} = {4F3F356B-7C5C-41D5-83E3-7C53E22D6A43}
		{84A86A53-628C-4E18-A322-6B192F47585B} = {59510905-8349-43B5-8695-853FB5380436}
	EndGlobalSection
	GlobalSection(ExtensibilityGlobals) = postSolution
		SolutionGuid = {AF76BCB8-B816-4DA2-B1B6-D1F900E7DD06}
	EndGlobalSection
EndGlobal
