
Microsoft Visual Studio Solution File, Format Version 12.00
# Visual Studio Version 17
VisualStudioVersion = 17.14.36804.6
MinimumVisualStudioVersion = 10.0.40219.1
Project("{FAE04EC0-301F-11D3-BF4B-00C04F79EFBC}") = "CodeGenerator.Core", "CodeGenerator.Core\CodeGenerator.Core.csproj", "{A1B2C3D4-E5F6-4A5B-8C9D-0E1F2A3B4C5D}"
EndProject
Project("{FAE04EC0-301F-11D3-BF4B-00C04F79EFBC}") = "ProjectXYZ.Shared", "Templates\CSharp\ProjectXYZ.Shared\ProjectXYZ.Shared.csproj", "{F6BC2510-EECF-EAFD-AFFD-E1F5C7D715D8}"
EndProject
Project("{FAE04EC0-301F-11D3-BF4B-00C04F79EFBC}") = "ProjectXYZ.UserControls", "Templates\CSharp\WinForms\ProjectXYZ.UserControls\ProjectXYZ.UserControls.csproj", "{B45A9506-A877-33F0-9A9C-494A75A4559F}"
EndProject
Project("{FAE04EC0-301F-11D3-BF4B-00C04F79EFBC}") = "CodeGenerator.UserControls", "CodeGenerator.UserControls\CodeGenerator.UserControls.csproj", "{25D616D8-1E66-D990-7EA0-7ED27F4E27BE}"
EndProject
Project("{FAE04EC0-301F-11D3-BF4B-00C04F79EFBC}") = "CodeGenerator.Shared", "CodeGenerator.Shared\CodeGenerator.Shared.csproj", "{1675BEAC-CE74-AE06-CB98-37DFC37E6A3E}"
EndProject
Project("{2150E333-8FDC-42A3-9474-1A3956D46DE8}") = "Solution Items", "Solution Items", "{C07A3E83-0321-4673-AA42-47F3D68755B5}"
	ProjectSection(SolutionItems) = preProject
		..\.gitignore = ..\.gitignore
		..\docs\Ideeën.md = ..\docs\Ideeën.md
		..\README.md = ..\README.md
		..\docs\T4-CheatSheet.md = ..\docs\T4-CheatSheet.md
	EndProjectSection
EndProject
Project("{FAE04EC0-301F-11D3-BF4B-00C04F79EFBC}") = "CodeGenerator.Domain", "CodeGenerator.Domain\CodeGenerator.Domain.csproj", "{F1EB0A8F-3BA5-47B9-92FD-75DE4D624A35}"
EndProject
Project("{FAE04EC0-301F-11D3-BF4B-00C04F79EFBC}") = "CodeGenerator.Core.MessageBus", "CodeGenerator.Core.MessageBus\CodeGenerator.Core.MessageBus.csproj", "{2D6DCD43-B235-4702-B958-759E7FD4A4E6}"
EndProject
Project("{FAE04EC0-301F-11D3-BF4B-00C04F79EFBC}") = "CodeGenerator.Core.Artifacts", "CodeGenerator.Core.Artifacts\CodeGenerator.Core.Artifacts.csproj", "{1983C6E5-9CE1-4C22-AB93-57698101EA00}"
EndProject
Project("{FAE04EC0-301F-11D3-BF4B-00C04F79EFBC}") = "CodeGenerator.Core.Generators", "CodeGenerator.Core.Generators\CodeGenerator.Core.Generators.csproj", "{8B2D0D2C-0F50-46AA-ACB2-C42EBDE8A793}"
EndProject
Project("{FAE04EC0-301F-11D3-BF4B-00C04F79EFBC}") = "CodeGenerator.Core.Templates", "CodeGenerator.Core.Templates\CodeGenerator.Core.Templates.csproj", "{69C87E27-34F2-4F0F-BC4B-7AD0CAD7AC62}"
EndProject
Project("{FAE04EC0-301F-11D3-BF4B-00C04F79EFBC}") = "CodeGenerator.Presentation.WinForms", "CodeGenerator.Presentation.WinForms\CodeGenerator.Presentation.WinForms.csproj", "{1161A673-9671-4CB2-8FAF-48DCFEC8EC1F}"
EndProject
Project("{FAE04EC0-301F-11D3-BF4B-00C04F79EFBC}") = "CodeGenerator.Application", "CodeGenerator.Application\CodeGenerator.Application.csproj", "{E146C9BF-65A0-45AD-9C15-E21CC768703E}"
EndProject
Project("{FAE04EC0-301F-11D3-BF4B-00C04F79EFBC}") = "CodeGenerator.Generators.CodeArchitectureLayers", "CodeGenerator.Generators.CodeArchitectureLayers\CodeGenerator.Generators.CodeArchitectureLayers.csproj", "{74C85979-AC42-41C6-8914-4A495E13F120}"
EndProject
Project("{FAE04EC0-301F-11D3-BF4B-00C04F79EFBC}") = "CodeGenerator.Generators.DotNet", "CodeGenerator.Generators.DotNet\CodeGenerator.Generators.DotNet.csproj", "{86F5D696-B17C-431E-861A-A76AB80C0FA8}"
EndProject
Project("{FAE04EC0-301F-11D3-BF4B-00C04F79EFBC}") = "CodeGenerator.Core.Settings", "CodeGenerator.Core.Settings\CodeGenerator.Core.Settings.csproj", "{2303FDCB-33F1-438F-BEA1-189152BF0FA7}"
EndProject
Project("{FAE04EC0-301F-11D3-BF4B-00C04F79EFBC}") = "CodeGenerator.Core.Settings.Views", "CodeGenerator.Core.Settings.Views\CodeGenerator.Core.Settings.Views.csproj", "{6CA76106-83D0-42C9-AC19-4EBE805C4C60}"
EndProject
Project("{2150E333-8FDC-42A3-9474-1A3956D46DE8}") = "Snippets", "Snippets", "{02EA681E-C7D8-13C7-8484-4AC65E1B71E8}"
	ProjectSection(SolutionItems) = preProject
		..\..\vs_codesnippets\appcontroller.snippet = ..\..\vs_codesnippets\appcontroller.snippet
		..\..\vs_codesnippets\propviewmodel.snippet = ..\..\vs_codesnippets\propviewmodel.snippet
	EndProjectSection
EndProject
Project("{FAE04EC0-301F-11D3-BF4B-00C04F79EFBC}") = "CodeGenerator.UserControls.Views", "CodeGenerator.UserControls.Views\CodeGenerator.UserControls.Views.csproj", "{0265CBB0-190D-4C54-918E-D2F5A38EEC20}"
EndProject
Project("{FAE04EC0-301F-11D3-BF4B-00C04F79EFBC}") = "CodeGenerator.TemplateEngines.Scriban", "CodeGenerator.TemplateEngines.Scriban\CodeGenerator.TemplateEngines.Scriban.csproj", "{DE695E6F-8A34-4E5E-8A62-C99DB91414A3}"
EndProject
Project("{FAE04EC0-301F-11D3-BF4B-00C04F79EFBC}") = "CodeGenerator.TemplateEngines.DotNetProject", "CodeGenerator.TemplateEngines.DotNetProject\CodeGenerator.TemplateEngines.DotNetProject.csproj", "{BA2812F2-CDA4-4743-AB70-4FC096E84432}"
EndProject
Project("{FAE04EC0-301F-11D3-BF4B-00C04F79EFBC}") = "CodeGenerator.TemplateEngines.T4", "CodeGenerator.TemplateEngines.T4\CodeGenerator.TemplateEngines.T4.csproj", "{4BCC8777-FB3D-5AA7-FA60-06CAE63B1D46}"
EndProject
Project("{FAE04EC0-301F-11D3-BF4B-00C04F79EFBC}") = "CodeGenerator.TemplateEngines.ScribanTests", "CodeGenerator.TemplateEngines.ScribanTests\CodeGenerator.TemplateEngines.ScribanTests.csproj", "{40C7B63E-E2E8-4DEC-852B-7C968B6B83A1}"
EndProject
Project("{FAE04EC0-301F-11D3-BF4B-00C04F79EFBC}") = "CodeGenerator.TemplateEngines.T4Tests", "CodeGenerator.TemplateEngines.T4Tests\CodeGenerator.TemplateEngines.T4Tests.csproj", "{C1E759E4-DCA5-4DB3-A7F6-A835B7E4B4DC}"
EndProject
Project("{FAE04EC0-301F-11D3-BF4B-00C04F79EFBC}") = "CodeGenerator.TemplateEngines.DotNetProjectTests", "CodeGenerator.TemplateEngines.DotNetProjectTests\CodeGenerator.TemplateEngines.DotNetProjectTests.csproj", "{3DC89A60-6488-458F-AB78-47FCCFA1B84F}"
EndProject
Project("{FAE04EC0-301F-11D3-BF4B-00C04F79EFBC}") = "CodeGenerator.Core.Workspaces", "CodeGenerator.Core.Workspaces\CodeGenerator.Core.Workspaces.csproj", "{CC5A58F2-E15E-47B3-AAB2-613F6A87E409}"
EndProject
Project("{FAE04EC0-301F-11D3-BF4B-00C04F79EFBC}") = "CodeGenerator.Core.Workspaces.Datasources.Mysql", "CodeGenerator.Core.Workspaces.Datasources.Mysql\CodeGenerator.Core.Workspaces.Datasources.Mysql.csproj", "{4A46EB30-E072-49DF-ABAF-2ED032E10132}"
EndProject
Project("{FAE04EC0-301F-11D3-BF4B-00C04F79EFBC}") = "CodeGenerator.TemplateEngines.PlantUML", "CodeGenerator.TemplateEngines.PlantUML\CodeGenerator.TemplateEngines.PlantUML.csproj", "{129541CB-1DAC-4272-9C1E-490787EE0CA6}"
EndProject
Project("{FAE04EC0-301F-11D3-BF4B-00C04F79EFBC}") = "CodeGenerator.Core.Workspaces.Datasources.SqlServer", "CodeGenerator.Core.Workspaces.Datasources.SqlServer\CodeGenerator.Core.Workspaces.Datasources.SqlServer.csproj", "{29A5DD50-1FF0-4B16-9CA0-146732FACD77}"
EndProject
Project("{FAE04EC0-301F-11D3-BF4B-00C04F79EFBC}") = "CodeGenerator.Core.Workspaces.Datasources.PostgreServer", "CodeGenerator.Core.Workspaces.Datasources.PostgreServer\CodeGenerator.Core.Workspaces.Datasources.PostgreServer.csproj", "{4F28C4D7-25C1-456B-8266-4AB4C7F60B07}"
EndProject
Project("{FAE04EC0-301F-11D3-BF4B-00C04F79EFBC}") = "CodeGenerator.Core.Workspaces.Datasources.Excel", "CodeGenerator.Core.Workspaces.Datasources.Excel\CodeGenerator.Core.Workspaces.Datasources.Excel.csproj", "{A1B615BD-8F82-4C19-AF7C-C5781C9574A4}"
EndProject
Project("{FAE04EC0-301F-11D3-BF4B-00C04F79EFBC}") = "CodeGenerator.Core.Workspaces.Datasources.Csv", "CodeGenerator.Core.Workspaces.Datasources.Csv\CodeGenerator.Core.Workspaces.Datasources.Csv.csproj", "{9AE57257-6A18-44F9-9B25-1A4C3C7E59F8}"
EndProject
Project("{FAE04EC0-301F-11D3-BF4B-00C04F79EFBC}") = "CodeGenerator.Core.Workspaces.Datasources.Json", "CodeGenerator.Core.Workspaces.Datasources.Json\CodeGenerator.Core.Workspaces.Datasources.Json.csproj", "{63BBCC00-8F39-43E9-AA82-5883720B8908}"
EndProject
Project("{2150E333-8FDC-42A3-9474-1A3956D46DE8}") = "01 Datasources", "01 Datasources", "{E9F8E255-2538-42FC-AD05-7742FE416432}"
EndProject
Project("{FAE04EC0-301F-11D3-BF4B-00C04F79EFBC}") = "CodeGenerator.Core.Workspaces.Datasources.Yaml", "CodeGenerator.Core.Workspaces.Datasources.Yaml\CodeGenerator.Core.Workspaces.Datasources.Yaml.csproj", "{835A5054-B093-4E91-8D62-244437D723B0}"
EndProject
Project("{FAE04EC0-301F-11D3-BF4B-00C04F79EFBC}") = "CodeGenerator.Core.Workspaces.Datasources.Xml", "CodeGenerator.Core.Workspaces.Datasources.Xml\CodeGenerator.Core.Workspaces.Datasources.Xml.csproj", "{87E9B465-9EA7-4099-A76E-348260B5DBC5}"
EndProject
Project("{2150E333-8FDC-42A3-9474-1A3956D46DE8}") = "02 Template Engines", "02 Template Engines", "{4856C5FE-741C-4773-A485-3E261182F82D}"
EndProject
Project("{2150E333-8FDC-42A3-9474-1A3956D46DE8}") = "03 Generators", "03 Generators", "{ED8AA5E0-9601-4995-910B-776F8204C303}"
EndProject
Project("{FAE04EC0-301F-11D3-BF4B-00C04F79EFBC}") = "Templates", "Templates\Templates.csproj", "{D7910082-A77F-495F-ACBF-7DAEFBCB29D6}"
EndProject
Project("{FAE04EC0-301F-11D3-BF4B-00C04F79EFBC}") = "CodeGenerator.Core.Workspaces.Datasources.DotNetAssembly", "CodeGenerator.Core.Workspaces.Datasources.DotNetAssembly\CodeGenerator.Core.Workspaces.Datasources.DotNetAssembly.csproj", "{18A22235-B249-44FE-A8D4-61E9C204A717}"
EndProject
Project("{FAE04EC0-301F-11D3-BF4B-00C04F79EFBC}") = "CodeGenerator.Core.Workspaces.Datasources.OpenApi", "CodeGenerator.Core.Workspaces.Datasources.OpenApi\CodeGenerator.Core.Workspaces.Datasources.OpenApi.csproj", "{304DAA48-F952-4A7E-9AD8-293C256821BB}"
EndProject
Project("{2150E333-8FDC-42A3-9474-1A3956D46DE8}") = "Design Patterns", "Design Patterns", "{DC28153C-893D-412A-AAC7-1BB5F175F823}"
	ProjectSection(SolutionItems) = preProject
		..\docs\Design Patterns\README.md = ..\docs\Design Patterns\README.md
	EndProjectSection
EndProject
Project("{2150E333-8FDC-42A3-9474-1A3956D46DE8}") = "Domain Driven Design", "Domain Driven Design", "{9B3D462C-9BF0-4250-9527-210982F147F8}"
	ProjectSection(SolutionItems) = preProject
		..\docs\Domain Driven Design\DomainDrivenDesign.md = ..\docs\Domain Driven Design\DomainDrivenDesign.md
	EndProjectSection
EndProject
Project("{2150E333-8FDC-42A3-9474-1A3956D46DE8}") = "Software Architecture", "Software Architecture", "{CCF1F7EE-251E-4B3D-ACC9-FC50A659AF78}"
	ProjectSection(SolutionItems) = preProject
		..\docs\Software Architecture\CleanArchitecture.md = ..\docs\Software Architecture\CleanArchitecture.md
		..\docs\Software Architecture\Hexagonal.md = ..\docs\Software Architecture\Hexagonal.md
		..\docs\Software Architecture\N-Tier.md = ..\docs\Software Architecture\N-Tier.md
		..\docs\Software Architecture\Onion.md = ..\docs\Software Architecture\Onion.md
		..\docs\Software Architecture\README.md = ..\docs\Software Architecture\README.md
	EndProjectSection
EndProject
Project("{2150E333-8FDC-42A3-9474-1A3956D46DE8}") = "Behavioral", "Behavioral", "{BA9739A9-4016-4254-A5DA-DC7D7BC78D0A}"
	ProjectSection(SolutionItems) = preProject
		..\docs\Design Patterns\Behavioral\ChainOfResponsibility.md = ..\docs\Design Patterns\Behavioral\ChainOfResponsibility.md
		..\docs\Design Patterns\Behavioral\Command.md = ..\docs\Design Patterns\Behavioral\Command.md
		..\docs\Design Patterns\Behavioral\Iterator.md = ..\docs\Design Patterns\Behavioral\Iterator.md
		..\docs\Design Patterns\Behavioral\Mediator.md = ..\docs\Design Patterns\Behavioral\Mediator.md
		..\docs\Design Patterns\Behavioral\Memento.md = ..\docs\Design Patterns\Behavioral\Memento.md
		..\docs\Design Patterns\Behavioral\Observer.md = ..\docs\Design Patterns\Behavioral\Observer.md
		..\docs\Design Patterns\Behavioral\Specification.md = ..\docs\Design Patterns\Behavioral\Specification.md
		..\docs\Design Patterns\Behavioral\State.md = ..\docs\Design Patterns\Behavioral\State.md
		..\docs\Design Patterns\Behavioral\Strategy.md = ..\docs\Design Patterns\Behavioral\Strategy.md
		..\docs\Design Patterns\Behavioral\TemplateMethod.md = ..\docs\Design Patterns\Behavioral\TemplateMethod.md
		..\docs\Design Patterns\Behavioral\Visitor.md = ..\docs\Design Patterns\Behavioral\Visitor.md
	EndProjectSection
EndProject
Project("{2150E333-8FDC-42A3-9474-1A3956D46DE8}") = "Creational", "Creational", "{4B6047C3-0A0E-4E1B-A181-CE67530A51AA}"
	ProjectSection(SolutionItems) = preProject
		..\docs\Design Patterns\Creational\AbstractFactory.md = ..\docs\Design Patterns\Creational\AbstractFactory.md
		..\docs\Design Patterns\Creational\Builder.md = ..\docs\Design Patterns\Creational\Builder.md
		..\docs\Design Patterns\Creational\FactoryMethod.md = ..\docs\Design Patterns\Creational\FactoryMethod.md
		..\docs\Design Patterns\Creational\Prototype.md = ..\docs\Design Patterns\Creational\Prototype.md
		..\docs\Design Patterns\Creational\Singleton.md = ..\docs\Design Patterns\Creational\Singleton.md
	EndProjectSection
EndProject
Project("{2150E333-8FDC-42A3-9474-1A3956D46DE8}") = "Structural", "Structural", "{CA0BD3F3-2DC8-44E0-80C4-DD27259D65F1}"
	ProjectSection(SolutionItems) = preProject
		..\docs\Design Patterns\Structural\Adapter.md = ..\docs\Design Patterns\Structural\Adapter.md
		..\docs\Design Patterns\Structural\Bridge.md = ..\docs\Design Patterns\Structural\Bridge.md
		..\docs\Design Patterns\Structural\Composite.md = ..\docs\Design Patterns\Structural\Composite.md
		..\docs\Design Patterns\Structural\Decorator.md = ..\docs\Design Patterns\Structural\Decorator.md
		..\docs\Design Patterns\Structural\DependencyInjection.md = ..\docs\Design Patterns\Structural\DependencyInjection.md
		..\docs\Design Patterns\Structural\Facade.md = ..\docs\Design Patterns\Structural\Facade.md
		..\docs\Design Patterns\Structural\Flyweight.md = ..\docs\Design Patterns\Structural\Flyweight.md
		..\docs\Design Patterns\Structural\Proxy.md = ..\docs\Design Patterns\Structural\Proxy.md
		..\docs\Design Patterns\Structural\Repository.md = ..\docs\Design Patterns\Structural\Repository.md
	EndProjectSection
EndProject
Project("{2150E333-8FDC-42A3-9474-1A3956D46DE8}") = "Crosscutting Concerns", "Crosscutting Concerns", "{999C70FC-AA7F-4ED4-AEC9-301A8574526D}"
	ProjectSection(SolutionItems) = preProject
		..\docs\Crosscutting Concerns\README.md = ..\docs\Crosscutting Concerns\README.md
	EndProjectSection
EndProject
Project("{2150E333-8FDC-42A3-9474-1A3956D46DE8}") = "Architectural Patterns", "Architectural Patterns", "{5CD3D203-FD09-4197-B799-0D9AE05CF236}"
	ProjectSection(SolutionItems) = preProject
		..\docs\Architectural Patterns\Microkernel.md = ..\docs\Architectural Patterns\Microkernel.md
		..\docs\Architectural Patterns\MVC.md = ..\docs\Architectural Patterns\MVC.md
		..\docs\Architectural Patterns\MVP.md = ..\docs\Architectural Patterns\MVP.md
		..\docs\Architectural Patterns\MVVM.md = ..\docs\Architectural Patterns\MVVM.md
		..\docs\Architectural Patterns\README.md = ..\docs\Architectural Patterns\README.md
	EndProjectSection
EndProject
Project("{FAE04EC0-301F-11D3-BF4B-00C04F79EFBC}") = "CodeGenerator.Generators.DotNet.WinformsRibbonApplication", "CodeGenerator.Generators.DotNet.WinformsRibbonApplication\CodeGenerator.Generators.DotNet.WinformsRibbonApplication.csproj", "{D4B5F680-DE25-4F23-936F-2FCB4BB85F84}"
EndProject
Project("{2150E333-8FDC-42A3-9474-1A3956D46DE8}") = "04 Templates", "04 Templates", "{CD686E50-9A6A-408E-AE48-E7DEEAD3BAC8}"
EndProject
Project("{FAE04EC0-301F-11D3-BF4B-00C04F79EFBC}") = "ProjectXYZ.Presentation.WinForms", "Templates\CSharp\WinForms\ProjectXYZ.Presentation.WinForms\ProjectXYZ.Presentation.WinForms.csproj", "{E5E6044B-68C1-BCAC-38BB-93AA2092D36F}"
EndProject
Project("{2150E333-8FDC-42A3-9474-1A3956D46DE8}") = "05 ProgrammingLanguageCodeGenerators", "05 ProgrammingLanguageCodeGenerators", "{09654CDA-46FB-4A25-BB90-65E726316AA5}"
EndProject
Project("{FAE04EC0-301F-11D3-BF4B-00C04F79EFBC}") = "CodeGenerator.Domain.ProgrammingLanguages.CSharp", "CodeGenerator.Domain.ProgrammingLanguages.CSharp\CodeGenerator.Domain.ProgrammingLanguages.CSharp.csproj", "{18E9BEF7-08A8-4DDD-81A1-683264EA08E1}"
EndProject
Project("{FAE04EC0-301F-11D3-BF4B-00C04F79EFBC}") = "CodeGenerator.Domain.DotNet", "CodeGenerator.Domain.DotNet\CodeGenerator.Domain.DotNet.csproj", "{AA077307-4856-486E-93A5-3993302CF53D}"
EndProject
Project("{FAE04EC0-301F-11D3-BF4B-00C04F79EFBC}") = "CodeGenerator.Generators.DotNet.SharedScope", "CodeGenerator.Generators.DotNet.SharedScope\CodeGenerator.Generators.DotNet.SharedScope.csproj", "{54AA83B9-F514-4E6B-A211-FA7D2368431C}"
EndProject
Project("{FAE04EC0-301F-11D3-BF4B-00C04F79EFBC}") = "CodeGenerator.Core.Workspaces.Datasources.Directory", "CodeGenerator.Core.Workspaces.Datasources.Directory\CodeGenerator.Core.Workspaces.Datasources.Directory.csproj", "{C4B5B82B-5E1C-43ED-88CE-58EDBF414520}"
EndProject
Project("{FAE04EC0-301F-11D3-BF4B-00C04F79EFBC}") = "CodeGenerator.TemplateEngines.Folder", "CodeGenerator.TemplateEngines.Folder\CodeGenerator.TemplateEngines.Folder.csproj", "{075240A2-1740-46EA-BD75-8526F5B0A869}"
EndProject
Project("{FAE04EC0-301F-11D3-BF4B-00C04F79EFBC}") = "CodeGenerator.Core.Copilot", "CodeGenerator.Core.Copilot\CodeGenerator.Core.Copilot.csproj", "{77484791-DF9A-4A16-B7D8-7595A410DC93}"
EndProject
Project("{2150E333-8FDC-42A3-9474-1A3956D46DE8}") = "Copilot", "Copilot", "{749E5A48-DBB8-43E5-AB88-A7A6EA684F65}"
	ProjectSection(SolutionItems) = preProject
		..\docs\Copilot\workspace-operations-architecture.md = ..\docs\Copilot\workspace-operations-architecture.md
	EndProjectSection
EndProject
Project("{FAE04EC0-301F-11D3-BF4B-00C04F79EFBC}") = "CodeGenerator.Generators.DotNet.ApplicationScope", "CodeGenerator.Generators.DotNet.ApplicationScope\CodeGenerator.Generators.DotNet.ApplicationScope.csproj", "{BA333ED9-74C0-4800-9241-3B95F45A9722}"
EndProject
Project("{FAE04EC0-301F-11D3-BF4B-00C04F79EFBC}") = "CodeGenerator.Core.CodeElements", "CodeGenerator.Core.CodeElements\CodeGenerator.Core.CodeElements.csproj", "{06DE2137-0C00-417A-AE03-589B4D248F4C}"
EndProject
Project("{FAE04EC0-301F-11D3-BF4B-00C04F79EFBC}") = "CodeGenerator.Core.ArtifactTreeView", "CodeGenerator.Core.ArtifactTreeView\CodeGenerator.Core.ArtifactTreeView.csproj", "{3CBD341B-7D66-4283-BA02-A6267429EA76}"
EndProject
Project("{FAE04EC0-301F-11D3-BF4B-00C04F79EFBC}") = "CodeGenerator.Domain.ProgrammingLanguages.Python", "CodeGenerator.Domain.ProgrammingLanguages.Python\CodeGenerator.Domain.ProgrammingLanguages.Python.csproj", "{E9B9AD32-23B6-4D8D-A2C9-586F71D5A3EA}"
EndProject
Project("{FAE04EC0-301F-11D3-BF4B-00C04F79EFBC}") = "CodeGenerator.Generators.DotNet.DomainLayer", "CodeGenerator.Generators.DotNet.DomainLayer\CodeGenerator.Generators.DotNet.DomainLayer.csproj", "{8ECAA0B4-1778-4854-954F-C7B987A026E0}"
EndProject
Global
	GlobalSection(SolutionConfigurationPlatforms) = preSolution
		Debug|Any CPU = Debug|Any CPU
		Release|Any CPU = Release|Any CPU
	EndGlobalSection
	GlobalSection(ProjectConfigurationPlatforms) = postSolution
		{A1B2C3D4-E5F6-4A5B-8C9D-0E1F2A3B4C5D}.Debug|Any CPU.ActiveCfg = Debug|Any CPU
		{A1B2C3D4-E5F6-4A5B-8C9D-0E1F2A3B4C5D}.Debug|Any CPU.Build.0 = Debug|Any CPU
		{A1B2C3D4-E5F6-4A5B-8C9D-0E1F2A3B4C5D}.Release|Any CPU.ActiveCfg = Release|Any CPU
		{A1B2C3D4-E5F6-4A5B-8C9D-0E1F2A3B4C5D}.Release|Any CPU.Build.0 = Release|Any CPU
		{F6BC2510-EECF-EAFD-AFFD-E1F5C7D715D8}.Debug|Any CPU.ActiveCfg = Debug|Any CPU
		{F6BC2510-EECF-EAFD-AFFD-E1F5C7D715D8}.Debug|Any CPU.Build.0 = Debug|Any CPU
		{F6BC2510-EECF-EAFD-AFFD-E1F5C7D715D8}.Release|Any CPU.ActiveCfg = Release|Any CPU
		{F6BC2510-EECF-EAFD-AFFD-E1F5C7D715D8}.Release|Any CPU.Build.0 = Release|Any CPU
		{B45A9506-A877-33F0-9A9C-494A75A4559F}.Debug|Any CPU.ActiveCfg = Debug|Any CPU
		{B45A9506-A877-33F0-9A9C-494A75A4559F}.Debug|Any CPU.Build.0 = Debug|Any CPU
		{B45A9506-A877-33F0-9A9C-494A75A4559F}.Release|Any CPU.ActiveCfg = Release|Any CPU
		{B45A9506-A877-33F0-9A9C-494A75A4559F}.Release|Any CPU.Build.0 = Release|Any CPU
		{25D616D8-1E66-D990-7EA0-7ED27F4E27BE}.Debug|Any CPU.ActiveCfg = Debug|Any CPU
		{25D616D8-1E66-D990-7EA0-7ED27F4E27BE}.Debug|Any CPU.Build.0 = Debug|Any CPU
		{25D616D8-1E66-D990-7EA0-7ED27F4E27BE}.Release|Any CPU.ActiveCfg = Release|Any CPU
		{25D616D8-1E66-D990-7EA0-7ED27F4E27BE}.Release|Any CPU.Build.0 = Release|Any CPU
		{1675BEAC-CE74-AE06-CB98-37DFC37E6A3E}.Debug|Any CPU.ActiveCfg = Debug|Any CPU
		{1675BEAC-CE74-AE06-CB98-37DFC37E6A3E}.Debug|Any CPU.Build.0 = Debug|Any CPU
		{1675BEAC-CE74-AE06-CB98-37DFC37E6A3E}.Release|Any CPU.ActiveCfg = Release|Any CPU
		{1675BEAC-CE74-AE06-CB98-37DFC37E6A3E}.Release|Any CPU.Build.0 = Release|Any CPU
		{F1EB0A8F-3BA5-47B9-92FD-75DE4D624A35}.Debug|Any CPU.ActiveCfg = Debug|Any CPU
		{F1EB0A8F-3BA5-47B9-92FD-75DE4D624A35}.Debug|Any CPU.Build.0 = Debug|Any CPU
		{F1EB0A8F-3BA5-47B9-92FD-75DE4D624A35}.Release|Any CPU.ActiveCfg = Release|Any CPU
		{F1EB0A8F-3BA5-47B9-92FD-75DE4D624A35}.Release|Any CPU.Build.0 = Release|Any CPU
		{2D6DCD43-B235-4702-B958-759E7FD4A4E6}.Debug|Any CPU.ActiveCfg = Debug|Any CPU
		{2D6DCD43-B235-4702-B958-759E7FD4A4E6}.Debug|Any CPU.Build.0 = Debug|Any CPU
		{2D6DCD43-B235-4702-B958-759E7FD4A4E6}.Release|Any CPU.ActiveCfg = Release|Any CPU
		{2D6DCD43-B235-4702-B958-759E7FD4A4E6}.Release|Any CPU.Build.0 = Release|Any CPU
		{1983C6E5-9CE1-4C22-AB93-57698101EA00}.Debug|Any CPU.ActiveCfg = Debug|Any CPU
		{1983C6E5-9CE1-4C22-AB93-57698101EA00}.Debug|Any CPU.Build.0 = Debug|Any CPU
		{1983C6E5-9CE1-4C22-AB93-57698101EA00}.Release|Any CPU.ActiveCfg = Release|Any CPU
		{1983C6E5-9CE1-4C22-AB93-57698101EA00}.Release|Any CPU.Build.0 = Release|Any CPU
		{8B2D0D2C-0F50-46AA-ACB2-C42EBDE8A793}.Debug|Any CPU.ActiveCfg = Debug|Any CPU
		{8B2D0D2C-0F50-46AA-ACB2-C42EBDE8A793}.Debug|Any CPU.Build.0 = Debug|Any CPU
		{8B2D0D2C-0F50-46AA-ACB2-C42EBDE8A793}.Release|Any CPU.ActiveCfg = Release|Any CPU
		{8B2D0D2C-0F50-46AA-ACB2-C42EBDE8A793}.Release|Any CPU.Build.0 = Release|Any CPU
		{69C87E27-34F2-4F0F-BC4B-7AD0CAD7AC62}.Debug|Any CPU.ActiveCfg = Debug|Any CPU
		{69C87E27-34F2-4F0F-BC4B-7AD0CAD7AC62}.Debug|Any CPU.Build.0 = Debug|Any CPU
		{69C87E27-34F2-4F0F-BC4B-7AD0CAD7AC62}.Release|Any CPU.ActiveCfg = Release|Any CPU
		{69C87E27-34F2-4F0F-BC4B-7AD0CAD7AC62}.Release|Any CPU.Build.0 = Release|Any CPU
		{1161A673-9671-4CB2-8FAF-48DCFEC8EC1F}.Debug|Any CPU.ActiveCfg = Debug|Any CPU
		{1161A673-9671-4CB2-8FAF-48DCFEC8EC1F}.Debug|Any CPU.Build.0 = Debug|Any CPU
		{1161A673-9671-4CB2-8FAF-48DCFEC8EC1F}.Release|Any CPU.ActiveCfg = Release|Any CPU
		{1161A673-9671-4CB2-8FAF-48DCFEC8EC1F}.Release|Any CPU.Build.0 = Release|Any CPU
		{E146C9BF-65A0-45AD-9C15-E21CC768703E}.Debug|Any CPU.ActiveCfg = Debug|Any CPU
		{E146C9BF-65A0-45AD-9C15-E21CC768703E}.Debug|Any CPU.Build.0 = Debug|Any CPU
		{E146C9BF-65A0-45AD-9C15-E21CC768703E}.Release|Any CPU.ActiveCfg = Release|Any CPU
		{E146C9BF-65A0-45AD-9C15-E21CC768703E}.Release|Any CPU.Build.0 = Release|Any CPU
		{74C85979-AC42-41C6-8914-4A495E13F120}.Debug|Any CPU.ActiveCfg = Debug|Any CPU
		{74C85979-AC42-41C6-8914-4A495E13F120}.Debug|Any CPU.Build.0 = Debug|Any CPU
		{74C85979-AC42-41C6-8914-4A495E13F120}.Release|Any CPU.ActiveCfg = Release|Any CPU
		{74C85979-AC42-41C6-8914-4A495E13F120}.Release|Any CPU.Build.0 = Release|Any CPU
		{86F5D696-B17C-431E-861A-A76AB80C0FA8}.Debug|Any CPU.ActiveCfg = Debug|Any CPU
		{86F5D696-B17C-431E-861A-A76AB80C0FA8}.Debug|Any CPU.Build.0 = Debug|Any CPU
		{86F5D696-B17C-431E-861A-A76AB80C0FA8}.Release|Any CPU.ActiveCfg = Release|Any CPU
		{86F5D696-B17C-431E-861A-A76AB80C0FA8}.Release|Any CPU.Build.0 = Release|Any CPU
		{2303FDCB-33F1-438F-BEA1-189152BF0FA7}.Debug|Any CPU.ActiveCfg = Debug|Any CPU
		{2303FDCB-33F1-438F-BEA1-189152BF0FA7}.Debug|Any CPU.Build.0 = Debug|Any CPU
		{2303FDCB-33F1-438F-BEA1-189152BF0FA7}.Release|Any CPU.ActiveCfg = Release|Any CPU
		{2303FDCB-33F1-438F-BEA1-189152BF0FA7}.Release|Any CPU.Build.0 = Release|Any CPU
		{6CA76106-83D0-42C9-AC19-4EBE805C4C60}.Debug|Any CPU.ActiveCfg = Debug|Any CPU
		{6CA76106-83D0-42C9-AC19-4EBE805C4C60}.Debug|Any CPU.Build.0 = Debug|Any CPU
		{6CA76106-83D0-42C9-AC19-4EBE805C4C60}.Release|Any CPU.ActiveCfg = Release|Any CPU
		{6CA76106-83D0-42C9-AC19-4EBE805C4C60}.Release|Any CPU.Build.0 = Release|Any CPU
		{0265CBB0-190D-4C54-918E-D2F5A38EEC20}.Debug|Any CPU.ActiveCfg = Debug|Any CPU
		{0265CBB0-190D-4C54-918E-D2F5A38EEC20}.Debug|Any CPU.Build.0 = Debug|Any CPU
		{0265CBB0-190D-4C54-918E-D2F5A38EEC20}.Release|Any CPU.ActiveCfg = Release|Any CPU
		{0265CBB0-190D-4C54-918E-D2F5A38EEC20}.Release|Any CPU.Build.0 = Release|Any CPU
		{DE695E6F-8A34-4E5E-8A62-C99DB91414A3}.Debug|Any CPU.ActiveCfg = Debug|Any CPU
		{DE695E6F-8A34-4E5E-8A62-C99DB91414A3}.Debug|Any CPU.Build.0 = Debug|Any CPU
		{DE695E6F-8A34-4E5E-8A62-C99DB91414A3}.Release|Any CPU.ActiveCfg = Release|Any CPU
		{DE695E6F-8A34-4E5E-8A62-C99DB91414A3}.Release|Any CPU.Build.0 = Release|Any CPU
		{BA2812F2-CDA4-4743-AB70-4FC096E84432}.Debug|Any CPU.ActiveCfg = Debug|Any CPU
		{BA2812F2-CDA4-4743-AB70-4FC096E84432}.Debug|Any CPU.Build.0 = Debug|Any CPU
		{BA2812F2-CDA4-4743-AB70-4FC096E84432}.Release|Any CPU.ActiveCfg = Release|Any CPU
		{BA2812F2-CDA4-4743-AB70-4FC096E84432}.Release|Any CPU.Build.0 = Release|Any CPU
		{4BCC8777-FB3D-5AA7-FA60-06CAE63B1D46}.Debug|Any CPU.ActiveCfg = Debug|Any CPU
		{4BCC8777-FB3D-5AA7-FA60-06CAE63B1D46}.Debug|Any CPU.Build.0 = Debug|Any CPU
		{4BCC8777-FB3D-5AA7-FA60-06CAE63B1D46}.Release|Any CPU.ActiveCfg = Release|Any CPU
		{4BCC8777-FB3D-5AA7-FA60-06CAE63B1D46}.Release|Any CPU.Build.0 = Release|Any CPU
		{40C7B63E-E2E8-4DEC-852B-7C968B6B83A1}.Debug|Any CPU.ActiveCfg = Debug|Any CPU
		{40C7B63E-E2E8-4DEC-852B-7C968B6B83A1}.Debug|Any CPU.Build.0 = Debug|Any CPU
		{40C7B63E-E2E8-4DEC-852B-7C968B6B83A1}.Release|Any CPU.ActiveCfg = Release|Any CPU
		{40C7B63E-E2E8-4DEC-852B-7C968B6B83A1}.Release|Any CPU.Build.0 = Release|Any CPU
		{C1E759E4-DCA5-4DB3-A7F6-A835B7E4B4DC}.Debug|Any CPU.ActiveCfg = Debug|Any CPU
		{C1E759E4-DCA5-4DB3-A7F6-A835B7E4B4DC}.Debug|Any CPU.Build.0 = Debug|Any CPU
		{C1E759E4-DCA5-4DB3-A7F6-A835B7E4B4DC}.Release|Any CPU.ActiveCfg = Release|Any CPU
		{C1E759E4-DCA5-4DB3-A7F6-A835B7E4B4DC}.Release|Any CPU.Build.0 = Release|Any CPU
		{3DC89A60-6488-458F-AB78-47FCCFA1B84F}.Debug|Any CPU.ActiveCfg = Debug|Any CPU
		{3DC89A60-6488-458F-AB78-47FCCFA1B84F}.Debug|Any CPU.Build.0 = Debug|Any CPU
		{3DC89A60-6488-458F-AB78-47FCCFA1B84F}.Release|Any CPU.ActiveCfg = Release|Any CPU
		{3DC89A60-6488-458F-AB78-47FCCFA1B84F}.Release|Any CPU.Build.0 = Release|Any CPU
		{CC5A58F2-E15E-47B3-AAB2-613F6A87E409}.Debug|Any CPU.ActiveCfg = Debug|Any CPU
		{CC5A58F2-E15E-47B3-AAB2-613F6A87E409}.Debug|Any CPU.Build.0 = Debug|Any CPU
		{CC5A58F2-E15E-47B3-AAB2-613F6A87E409}.Release|Any CPU.ActiveCfg = Release|Any CPU
		{CC5A58F2-E15E-47B3-AAB2-613F6A87E409}.Release|Any CPU.Build.0 = Release|Any CPU
		{4A46EB30-E072-49DF-ABAF-2ED032E10132}.Debug|Any CPU.ActiveCfg = Debug|Any CPU
		{4A46EB30-E072-49DF-ABAF-2ED032E10132}.Debug|Any CPU.Build.0 = Debug|Any CPU
		{4A46EB30-E072-49DF-ABAF-2ED032E10132}.Release|Any CPU.ActiveCfg = Release|Any CPU
		{4A46EB30-E072-49DF-ABAF-2ED032E10132}.Release|Any CPU.Build.0 = Release|Any CPU
		{129541CB-1DAC-4272-9C1E-490787EE0CA6}.Debug|Any CPU.ActiveCfg = Debug|Any CPU
		{129541CB-1DAC-4272-9C1E-490787EE0CA6}.Debug|Any CPU.Build.0 = Debug|Any CPU
		{129541CB-1DAC-4272-9C1E-490787EE0CA6}.Release|Any CPU.ActiveCfg = Release|Any CPU
		{129541CB-1DAC-4272-9C1E-490787EE0CA6}.Release|Any CPU.Build.0 = Release|Any CPU
		{29A5DD50-1FF0-4B16-9CA0-146732FACD77}.Debug|Any CPU.ActiveCfg = Debug|Any CPU
		{29A5DD50-1FF0-4B16-9CA0-146732FACD77}.Debug|Any CPU.Build.0 = Debug|Any CPU
		{29A5DD50-1FF0-4B16-9CA0-146732FACD77}.Release|Any CPU.ActiveCfg = Release|Any CPU
		{29A5DD50-1FF0-4B16-9CA0-146732FACD77}.Release|Any CPU.Build.0 = Release|Any CPU
		{4F28C4D7-25C1-456B-8266-4AB4C7F60B07}.Debug|Any CPU.ActiveCfg = Debug|Any CPU
		{4F28C4D7-25C1-456B-8266-4AB4C7F60B07}.Debug|Any CPU.Build.0 = Debug|Any CPU
		{4F28C4D7-25C1-456B-8266-4AB4C7F60B07}.Release|Any CPU.ActiveCfg = Release|Any CPU
		{4F28C4D7-25C1-456B-8266-4AB4C7F60B07}.Release|Any CPU.Build.0 = Release|Any CPU
		{A1B615BD-8F82-4C19-AF7C-C5781C9574A4}.Debug|Any CPU.ActiveCfg = Debug|Any CPU
		{A1B615BD-8F82-4C19-AF7C-C5781C9574A4}.Debug|Any CPU.Build.0 = Debug|Any CPU
		{A1B615BD-8F82-4C19-AF7C-C5781C9574A4}.Release|Any CPU.ActiveCfg = Release|Any CPU
		{A1B615BD-8F82-4C19-AF7C-C5781C9574A4}.Release|Any CPU.Build.0 = Release|Any CPU
		{9AE57257-6A18-44F9-9B25-1A4C3C7E59F8}.Debug|Any CPU.ActiveCfg = Debug|Any CPU
		{9AE57257-6A18-44F9-9B25-1A4C3C7E59F8}.Debug|Any CPU.Build.0 = Debug|Any CPU
		{9AE57257-6A18-44F9-9B25-1A4C3C7E59F8}.Release|Any CPU.ActiveCfg = Release|Any CPU
		{9AE57257-6A18-44F9-9B25-1A4C3C7E59F8}.Release|Any CPU.Build.0 = Release|Any CPU
		{63BBCC00-8F39-43E9-AA82-5883720B8908}.Debug|Any CPU.ActiveCfg = Debug|Any CPU
		{63BBCC00-8F39-43E9-AA82-5883720B8908}.Debug|Any CPU.Build.0 = Debug|Any CPU
		{63BBCC00-8F39-43E9-AA82-5883720B8908}.Release|Any CPU.ActiveCfg = Release|Any CPU
		{63BBCC00-8F39-43E9-AA82-5883720B8908}.Release|Any CPU.Build.0 = Release|Any CPU
		{835A5054-B093-4E91-8D62-244437D723B0}.Debug|Any CPU.ActiveCfg = Debug|Any CPU
		{835A5054-B093-4E91-8D62-244437D723B0}.Debug|Any CPU.Build.0 = Debug|Any CPU
		{835A5054-B093-4E91-8D62-244437D723B0}.Release|Any CPU.ActiveCfg = Release|Any CPU
		{835A5054-B093-4E91-8D62-244437D723B0}.Release|Any CPU.Build.0 = Release|Any CPU
		{87E9B465-9EA7-4099-A76E-348260B5DBC5}.Debug|Any CPU.ActiveCfg = Debug|Any CPU
		{87E9B465-9EA7-4099-A76E-348260B5DBC5}.Debug|Any CPU.Build.0 = Debug|Any CPU
		{87E9B465-9EA7-4099-A76E-348260B5DBC5}.Release|Any CPU.ActiveCfg = Release|Any CPU
		{87E9B465-9EA7-4099-A76E-348260B5DBC5}.Release|Any CPU.Build.0 = Release|Any CPU
		{D7910082-A77F-495F-ACBF-7DAEFBCB29D6}.Debug|Any CPU.ActiveCfg = Debug|Any CPU
		{D7910082-A77F-495F-ACBF-7DAEFBCB29D6}.Release|Any CPU.ActiveCfg = Release|Any CPU
		{D7910082-A77F-495F-ACBF-7DAEFBCB29D6}.Release|Any CPU.Build.0 = Release|Any CPU
		{18A22235-B249-44FE-A8D4-61E9C204A717}.Debug|Any CPU.ActiveCfg = Debug|Any CPU
		{18A22235-B249-44FE-A8D4-61E9C204A717}.Debug|Any CPU.Build.0 = Debug|Any CPU
		{18A22235-B249-44FE-A8D4-61E9C204A717}.Release|Any CPU.ActiveCfg = Release|Any CPU
		{18A22235-B249-44FE-A8D4-61E9C204A717}.Release|Any CPU.Build.0 = Release|Any CPU
		{304DAA48-F952-4A7E-9AD8-293C256821BB}.Debug|Any CPU.ActiveCfg = Debug|Any CPU
		{304DAA48-F952-4A7E-9AD8-293C256821BB}.Debug|Any CPU.Build.0 = Debug|Any CPU
		{304DAA48-F952-4A7E-9AD8-293C256821BB}.Release|Any CPU.ActiveCfg = Release|Any CPU
		{304DAA48-F952-4A7E-9AD8-293C256821BB}.Release|Any CPU.Build.0 = Release|Any CPU
		{D4B5F680-DE25-4F23-936F-2FCB4BB85F84}.Debug|Any CPU.ActiveCfg = Debug|Any CPU
		{D4B5F680-DE25-4F23-936F-2FCB4BB85F84}.Debug|Any CPU.Build.0 = Debug|Any CPU
		{D4B5F680-DE25-4F23-936F-2FCB4BB85F84}.Release|Any CPU.ActiveCfg = Release|Any CPU
		{D4B5F680-DE25-4F23-936F-2FCB4BB85F84}.Release|Any CPU.Build.0 = Release|Any CPU
		{E5E6044B-68C1-BCAC-38BB-93AA2092D36F}.Debug|Any CPU.ActiveCfg = Debug|Any CPU
		{E5E6044B-68C1-BCAC-38BB-93AA2092D36F}.Debug|Any CPU.Build.0 = Debug|Any CPU
		{E5E6044B-68C1-BCAC-38BB-93AA2092D36F}.Release|Any CPU.ActiveCfg = Release|Any CPU
		{E5E6044B-68C1-BCAC-38BB-93AA2092D36F}.Release|Any CPU.Build.0 = Release|Any CPU
		{18E9BEF7-08A8-4DDD-81A1-683264EA08E1}.Debug|Any CPU.ActiveCfg = Debug|Any CPU
		{18E9BEF7-08A8-4DDD-81A1-683264EA08E1}.Debug|Any CPU.Build.0 = Debug|Any CPU
		{18E9BEF7-08A8-4DDD-81A1-683264EA08E1}.Release|Any CPU.ActiveCfg = Release|Any CPU
		{18E9BEF7-08A8-4DDD-81A1-683264EA08E1}.Release|Any CPU.Build.0 = Release|Any CPU
		{AA077307-4856-486E-93A5-3993302CF53D}.Debug|Any CPU.ActiveCfg = Debug|Any CPU
		{AA077307-4856-486E-93A5-3993302CF53D}.Debug|Any CPU.Build.0 = Debug|Any CPU
		{AA077307-4856-486E-93A5-3993302CF53D}.Release|Any CPU.ActiveCfg = Release|Any CPU
		{AA077307-4856-486E-93A5-3993302CF53D}.Release|Any CPU.Build.0 = Release|Any CPU
		{54AA83B9-F514-4E6B-A211-FA7D2368431C}.Debug|Any CPU.ActiveCfg = Debug|Any CPU
		{54AA83B9-F514-4E6B-A211-FA7D2368431C}.Debug|Any CPU.Build.0 = Debug|Any CPU
		{54AA83B9-F514-4E6B-A211-FA7D2368431C}.Release|Any CPU.ActiveCfg = Release|Any CPU
		{54AA83B9-F514-4E6B-A211-FA7D2368431C}.Release|Any CPU.Build.0 = Release|Any CPU
		{C4B5B82B-5E1C-43ED-88CE-58EDBF414520}.Debug|Any CPU.ActiveCfg = Debug|Any CPU
		{C4B5B82B-5E1C-43ED-88CE-58EDBF414520}.Debug|Any CPU.Build.0 = Debug|Any CPU
		{C4B5B82B-5E1C-43ED-88CE-58EDBF414520}.Release|Any CPU.ActiveCfg = Release|Any CPU
		{C4B5B82B-5E1C-43ED-88CE-58EDBF414520}.Release|Any CPU.Build.0 = Release|Any CPU
		{075240A2-1740-46EA-BD75-8526F5B0A869}.Debug|Any CPU.ActiveCfg = Debug|Any CPU
		{075240A2-1740-46EA-BD75-8526F5B0A869}.Debug|Any CPU.Build.0 = Debug|Any CPU
		{075240A2-1740-46EA-BD75-8526F5B0A869}.Release|Any CPU.ActiveCfg = Release|Any CPU
		{075240A2-1740-46EA-BD75-8526F5B0A869}.Release|Any CPU.Build.0 = Release|Any CPU
		{77484791-DF9A-4A16-B7D8-7595A410DC93}.Debug|Any CPU.ActiveCfg = Debug|Any CPU
		{77484791-DF9A-4A16-B7D8-7595A410DC93}.Debug|Any CPU.Build.0 = Debug|Any CPU
		{77484791-DF9A-4A16-B7D8-7595A410DC93}.Release|Any CPU.ActiveCfg = Release|Any CPU
		{77484791-DF9A-4A16-B7D8-7595A410DC93}.Release|Any CPU.Build.0 = Release|Any CPU
		{BA333ED9-74C0-4800-9241-3B95F45A9722}.Debug|Any CPU.ActiveCfg = Debug|Any CPU
		{BA333ED9-74C0-4800-9241-3B95F45A9722}.Debug|Any CPU.Build.0 = Debug|Any CPU
		{BA333ED9-74C0-4800-9241-3B95F45A9722}.Release|Any CPU.ActiveCfg = Release|Any CPU
		{BA333ED9-74C0-4800-9241-3B95F45A9722}.Release|Any CPU.Build.0 = Release|Any CPU
		{06DE2137-0C00-417A-AE03-589B4D248F4C}.Debug|Any CPU.ActiveCfg = Debug|Any CPU
		{06DE2137-0C00-417A-AE03-589B4D248F4C}.Debug|Any CPU.Build.0 = Debug|Any CPU
		{06DE2137-0C00-417A-AE03-589B4D248F4C}.Release|Any CPU.ActiveCfg = Release|Any CPU
		{06DE2137-0C00-417A-AE03-589B4D248F4C}.Release|Any CPU.Build.0 = Release|Any CPU
		{3CBD341B-7D66-4283-BA02-A6267429EA76}.Debug|Any CPU.ActiveCfg = Debug|Any CPU
		{3CBD341B-7D66-4283-BA02-A6267429EA76}.Debug|Any CPU.Build.0 = Debug|Any CPU
		{3CBD341B-7D66-4283-BA02-A6267429EA76}.Release|Any CPU.ActiveCfg = Release|Any CPU
		{3CBD341B-7D66-4283-BA02-A6267429EA76}.Release|Any CPU.Build.0 = Release|Any CPU
		{E9B9AD32-23B6-4D8D-A2C9-586F71D5A3EA}.Debug|Any CPU.ActiveCfg = Debug|Any CPU
		{E9B9AD32-23B6-4D8D-A2C9-586F71D5A3EA}.Debug|Any CPU.Build.0 = Debug|Any CPU
		{E9B9AD32-23B6-4D8D-A2C9-586F71D5A3EA}.Release|Any CPU.ActiveCfg = Release|Any CPU
		{E9B9AD32-23B6-4D8D-A2C9-586F71D5A3EA}.Release|Any CPU.Build.0 = Release|Any CPU
		{8ECAA0B4-1778-4854-954F-C7B987A026E0}.Debug|Any CPU.ActiveCfg = Debug|Any CPU
		{8ECAA0B4-1778-4854-954F-C7B987A026E0}.Debug|Any CPU.Build.0 = Debug|Any CPU
		{8ECAA0B4-1778-4854-954F-C7B987A026E0}.Release|Any CPU.ActiveCfg = Release|Any CPU
		{8ECAA0B4-1778-4854-954F-C7B987A026E0}.Release|Any CPU.Build.0 = Release|Any CPU
	EndGlobalSection
	GlobalSection(SolutionProperties) = preSolution
		HideSolutionNode = FALSE
	EndGlobalSection
	GlobalSection(NestedProjects) = preSolution
		{F6BC2510-EECF-EAFD-AFFD-E1F5C7D715D8} = {CD686E50-9A6A-408E-AE48-E7DEEAD3BAC8}
		{B45A9506-A877-33F0-9A9C-494A75A4559F} = {CD686E50-9A6A-408E-AE48-E7DEEAD3BAC8}
		{74C85979-AC42-41C6-8914-4A495E13F120} = {ED8AA5E0-9601-4995-910B-776F8204C303}
		{86F5D696-B17C-431E-861A-A76AB80C0FA8} = {ED8AA5E0-9601-4995-910B-776F8204C303}
		{DE695E6F-8A34-4E5E-8A62-C99DB91414A3} = {4856C5FE-741C-4773-A485-3E261182F82D}
		{BA2812F2-CDA4-4743-AB70-4FC096E84432} = {4856C5FE-741C-4773-A485-3E261182F82D}
		{4BCC8777-FB3D-5AA7-FA60-06CAE63B1D46} = {4856C5FE-741C-4773-A485-3E261182F82D}
		{40C7B63E-E2E8-4DEC-852B-7C968B6B83A1} = {4856C5FE-741C-4773-A485-3E261182F82D}
		{C1E759E4-DCA5-4DB3-A7F6-A835B7E4B4DC} = {4856C5FE-741C-4773-A485-3E261182F82D}
		{3DC89A60-6488-458F-AB78-47FCCFA1B84F} = {4856C5FE-741C-4773-A485-3E261182F82D}
		{4A46EB30-E072-49DF-ABAF-2ED032E10132} = {E9F8E255-2538-42FC-AD05-7742FE416432}
		{129541CB-1DAC-4272-9C1E-490787EE0CA6} = {4856C5FE-741C-4773-A485-3E261182F82D}
		{29A5DD50-1FF0-4B16-9CA0-146732FACD77} = {E9F8E255-2538-42FC-AD05-7742FE416432}
		{4F28C4D7-25C1-456B-8266-4AB4C7F60B07} = {E9F8E255-2538-42FC-AD05-7742FE416432}
		{A1B615BD-8F82-4C19-AF7C-C5781C9574A4} = {E9F8E255-2538-42FC-AD05-7742FE416432}
		{9AE57257-6A18-44F9-9B25-1A4C3C7E59F8} = {E9F8E255-2538-42FC-AD05-7742FE416432}
		{63BBCC00-8F39-43E9-AA82-5883720B8908} = {E9F8E255-2538-42FC-AD05-7742FE416432}
		{835A5054-B093-4E91-8D62-244437D723B0} = {E9F8E255-2538-42FC-AD05-7742FE416432}
		{87E9B465-9EA7-4099-A76E-348260B5DBC5} = {E9F8E255-2538-42FC-AD05-7742FE416432}
		{D7910082-A77F-495F-ACBF-7DAEFBCB29D6} = {CD686E50-9A6A-408E-AE48-E7DEEAD3BAC8}
		{18A22235-B249-44FE-A8D4-61E9C204A717} = {E9F8E255-2538-42FC-AD05-7742FE416432}
		{304DAA48-F952-4A7E-9AD8-293C256821BB} = {E9F8E255-2538-42FC-AD05-7742FE416432}
		{DC28153C-893D-412A-AAC7-1BB5F175F823} = {C07A3E83-0321-4673-AA42-47F3D68755B5}
		{9B3D462C-9BF0-4250-9527-210982F147F8} = {C07A3E83-0321-4673-AA42-47F3D68755B5}
		{CCF1F7EE-251E-4B3D-ACC9-FC50A659AF78} = {C07A3E83-0321-4673-AA42-47F3D68755B5}
		{BA9739A9-4016-4254-A5DA-DC7D7BC78D0A} = {DC28153C-893D-412A-AAC7-1BB5F175F823}
		{4B6047C3-0A0E-4E1B-A181-CE67530A51AA} = {DC28153C-893D-412A-AAC7-1BB5F175F823}
		{CA0BD3F3-2DC8-44E0-80C4-DD27259D65F1} = {DC28153C-893D-412A-AAC7-1BB5F175F823}
		{999C70FC-AA7F-4ED4-AEC9-301A8574526D} = {C07A3E83-0321-4673-AA42-47F3D68755B5}
		{5CD3D203-FD09-4197-B799-0D9AE05CF236} = {C07A3E83-0321-4673-AA42-47F3D68755B5}
		{D4B5F680-DE25-4F23-936F-2FCB4BB85F84} = {ED8AA5E0-9601-4995-910B-776F8204C303}
		{E5E6044B-68C1-BCAC-38BB-93AA2092D36F} = {CD686E50-9A6A-408E-AE48-E7DEEAD3BAC8}
		{18E9BEF7-08A8-4DDD-81A1-683264EA08E1} = {09654CDA-46FB-4A25-BB90-65E726316AA5}
		{54AA83B9-F514-4E6B-A211-FA7D2368431C} = {ED8AA5E0-9601-4995-910B-776F8204C303}
		{C4B5B82B-5E1C-43ED-88CE-58EDBF414520} = {E9F8E255-2538-42FC-AD05-7742FE416432}
		{075240A2-1740-46EA-BD75-8526F5B0A869} = {4856C5FE-741C-4773-A485-3E261182F82D}
		{749E5A48-DBB8-43E5-AB88-A7A6EA684F65} = {C07A3E83-0321-4673-AA42-47F3D68755B5}
		{BA333ED9-74C0-4800-9241-3B95F45A9722} = {ED8AA5E0-9601-4995-910B-776F8204C303}
		{E9B9AD32-23B6-4D8D-A2C9-586F71D5A3EA} = {09654CDA-46FB-4A25-BB90-65E726316AA5}
		{8ECAA0B4-1778-4854-954F-C7B987A026E0} = {ED8AA5E0-9601-4995-910B-776F8204C303}
	EndGlobalSection
	GlobalSection(ExtensibilityGlobals) = postSolution
		SolutionGuid = {AF76BCB8-B816-4DA2-B1B6-D1F900E7DD06}
	EndGlobalSection
EndGlobal
